
Microsoft Visual Studio Solution File, Format Version 12.00
Project("{FAE04EC0-301F-11D3-BF4B-00C04F79EFBC}") = "DeworLib", "DeworLib\DeworLib.csproj", "{727FD60B-0258-4F14-92F1-0CECC149A674}"
EndProject
Project("{FAE04EC0-301F-11D3-BF4B-00C04F79EFBC}") = "DeworLib.Dal", "DeworLib.Dal\DeworLib.Dal.csproj", "{E31C1520-6F4A-41B0-A816-34450ACC3777}"
EndProject
Project("{FAE04EC0-301F-11D3-BF4B-00C04F79EFBC}") = "DeworLib.Bll", "DeworLib.Bll\DeworLib.Bll.csproj", "{E031199E-42C8-41B1-9489-5F44F3E87D05}"
EndProject
Global
	GlobalSection(SolutionConfigurationPlatforms) = preSolution
		Debug|Any CPU = Debug|Any CPU
		Release|Any CPU = Release|Any CPU
	EndGlobalSection
	GlobalSection(ProjectConfigurationPlatforms) = postSolution
		{727FD60B-0258-4F14-92F1-0CECC149A674}.Debug|Any CPU.ActiveCfg = Debug|Any CPU
		{727FD60B-0258-4F14-92F1-0CECC149A674}.Debug|Any CPU.Build.0 = Debug|Any CPU
		{727FD60B-0258-4F14-92F1-0CECC149A674}.Release|Any CPU.ActiveCfg = Release|Any CPU
		{727FD60B-0258-4F14-92F1-0CECC149A674}.Release|Any CPU.Build.0 = Release|Any CPU
		{E31C1520-6F4A-41B0-A816-34450ACC3777}.Debug|Any CPU.ActiveCfg = Debug|Any CPU
		{E31C1520-6F4A-41B0-A816-34450ACC3777}.Debug|Any CPU.Build.0 = Debug|Any CPU
		{E31C1520-6F4A-41B0-A816-34450ACC3777}.Release|Any CPU.ActiveCfg = Release|Any CPU
		{E31C1520-6F4A-41B0-A816-34450ACC3777}.Release|Any CPU.Build.0 = Release|Any CPU
		{E031199E-42C8-41B1-9489-5F44F3E87D05}.Debug|Any CPU.ActiveCfg = Debug|Any CPU
		{E031199E-42C8-41B1-9489-5F44F3E87D05}.Debug|Any CPU.Build.0 = Debug|Any CPU
		{E031199E-42C8-41B1-9489-5F44F3E87D05}.Release|Any CPU.ActiveCfg = Release|Any CPU
		{E031199E-42C8-41B1-9489-5F44F3E87D05}.Release|Any CPU.Build.0 = Release|Any CPU
	EndGlobalSection
EndGlobal
